
Microsoft Visual Studio Solution File, Format Version 12.00
# Visual Studio Version 17
VisualStudioVersion = 17.10.34902.84
MinimumVisualStudioVersion = 10.0.40219.1
Project("{F2A71F9B-5D33-465A-A702-920D77279786}") = "S", "S\S.fsproj", "{544EBCD1-2282-449E-AC95-637125D21739}"
EndProject
Global
	GlobalSection(SolutionConfigurationPlatforms) = preSolution
		Debug|Any CPU = Debug|Any CPU
		Release|Any CPU = Release|Any CPU
	EndGlobalSection
	GlobalSection(ProjectConfigurationPlatforms) = postSolution
		{544EBCD1-2282-449E-AC95-637125D21739}.Debug|Any CPU.ActiveCfg = Debug|Any CPU
		{544EBCD1-2282-449E-AC95-637125D21739}.Debug|Any CPU.Build.0 = Debug|Any CPU
		{544EBCD1-2282-449E-AC95-637125D21739}.Release|Any CPU.ActiveCfg = Release|Any CPU
		{544EBCD1-2282-449E-AC95-637125D21739}.Release|Any CPU.Build.0 = Release|Any CPU
	EndGlobalSection
	GlobalSection(SolutionProperties) = preSolution
		HideSolutionNode = FALSE
	EndGlobalSection
	GlobalSection(ExtensibilityGlobals) = postSolution
		SolutionGuid = {D7E7D68D-94F0-4D45-8C87-8BC7CF8F018B}
	EndGlobalSection
EndGlobal
